
Microsoft Visual Studio Solution File, Format Version 12.00
# Visual Studio Version 17
VisualStudioVersion = 17.3.32922.545
MinimumVisualStudioVersion = 10.0.40219.1
Project("{9A19103F-16F7-4668-BE54-9A1E7A4F7556}") = "Kafka.EventLoop", "src\Kafka.EventLoop\Kafka.EventLoop.csproj", "{B9103A76-71B3-4449-93E9-BEC564459497}"
EndProject
Project("{2150E333-8FDC-42A3-9474-1A3956D46DE8}") = "tests", "tests", "{7F4ED757-9D35-4A83-B23A-390A609570FB}"
EndProject
Project("{2150E333-8FDC-42A3-9474-1A3956D46DE8}") = "unit", "unit", "{77578617-F4E9-4079-AA6B-4DC73B521826}"
EndProject
Project("{2150E333-8FDC-42A3-9474-1A3956D46DE8}") = "integration", "integration", "{D39B573F-9F5B-43CB-BDDA-8B260949CC16}"
EndProject
Project("{9A19103F-16F7-4668-BE54-9A1E7A4F7556}") = "Kafka.EventLoop.Tests", "tests\Kafka.EventLoop.Tests\Kafka.EventLoop.Tests.csproj", "{8DD35C2B-C121-43EF-A388-D2AA1CD0852A}"
EndProject
Project("{9A19103F-16F7-4668-BE54-9A1E7A4F7556}") = "Kafka.EventLoop.IntegrationTests", "tests\Kafka.EventLoop.IntegrationTests\Kafka.EventLoop.IntegrationTests.csproj", "{76866CDB-662B-4B86-BDB8-7F9AD59D5F37}"
EndProject
Project("{9A19103F-16F7-4668-BE54-9A1E7A4F7556}") = "Kafka.EventLoop.Autofac", "src\Kafka.EventLoop.Autofac\Kafka.EventLoop.Autofac.csproj", "{FA84D220-D575-4664-BC97-BAF47E07A1D3}"
EndProject
Project("{2150E333-8FDC-42A3-9474-1A3956D46DE8}") = "examples", "examples", "{61E86F3D-0799-449D-A4AB-1E3488313DCB}"
EndProject
Project("{9A19103F-16F7-4668-BE54-9A1E7A4F7556}") = "Kafka.EventLoop.WorkerService", "examples\Kafka.EventLoop.WorkerService\Kafka.EventLoop.WorkerService.csproj", "{B0345B70-9090-41C5-81C8-AB8DB72BB9D8}"
EndProject
Global
	GlobalSection(SolutionConfigurationPlatforms) = preSolution
		Debug|Any CPU = Debug|Any CPU
		Release|Any CPU = Release|Any CPU
	EndGlobalSection
	GlobalSection(ProjectConfigurationPlatforms) = postSolution
		{B9103A76-71B3-4449-93E9-BEC564459497}.Debug|Any CPU.ActiveCfg = Debug|Any CPU
		{B9103A76-71B3-4449-93E9-BEC564459497}.Debug|Any CPU.Build.0 = Debug|Any CPU
		{B9103A76-71B3-4449-93E9-BEC564459497}.Release|Any CPU.ActiveCfg = Release|Any CPU
		{B9103A76-71B3-4449-93E9-BEC564459497}.Release|Any CPU.Build.0 = Release|Any CPU
		{8DD35C2B-C121-43EF-A388-D2AA1CD0852A}.Debug|Any CPU.ActiveCfg = Debug|Any CPU
		{8DD35C2B-C121-43EF-A388-D2AA1CD0852A}.Debug|Any CPU.Build.0 = Debug|Any CPU
		{8DD35C2B-C121-43EF-A388-D2AA1CD0852A}.Release|Any CPU.ActiveCfg = Release|Any CPU
		{8DD35C2B-C121-43EF-A388-D2AA1CD0852A}.Release|Any CPU.Build.0 = Release|Any CPU
		{76866CDB-662B-4B86-BDB8-7F9AD59D5F37}.Debug|Any CPU.ActiveCfg = Debug|Any CPU
		{76866CDB-662B-4B86-BDB8-7F9AD59D5F37}.Debug|Any CPU.Build.0 = Debug|Any CPU
		{76866CDB-662B-4B86-BDB8-7F9AD59D5F37}.Release|Any CPU.ActiveCfg = Release|Any CPU
		{76866CDB-662B-4B86-BDB8-7F9AD59D5F37}.Release|Any CPU.Build.0 = Release|Any CPU
		{FA84D220-D575-4664-BC97-BAF47E07A1D3}.Debug|Any CPU.ActiveCfg = Debug|Any CPU
		{FA84D220-D575-4664-BC97-BAF47E07A1D3}.Debug|Any CPU.Build.0 = Debug|Any CPU
		{FA84D220-D575-4664-BC97-BAF47E07A1D3}.Release|Any CPU.ActiveCfg = Release|Any CPU
		{FA84D220-D575-4664-BC97-BAF47E07A1D3}.Release|Any CPU.Build.0 = Release|Any CPU
		{B0345B70-9090-41C5-81C8-AB8DB72BB9D8}.Debug|Any CPU.ActiveCfg = Debug|Any CPU
		{B0345B70-9090-41C5-81C8-AB8DB72BB9D8}.Debug|Any CPU.Build.0 = Debug|Any CPU
		{B0345B70-9090-41C5-81C8-AB8DB72BB9D8}.Release|Any CPU.ActiveCfg = Release|Any CPU
		{B0345B70-9090-41C5-81C8-AB8DB72BB9D8}.Release|Any CPU.Build.0 = Release|Any CPU
	EndGlobalSection
	GlobalSection(SolutionProperties) = preSolution
		HideSolutionNode = FALSE
	EndGlobalSection
	GlobalSection(NestedProjects) = preSolution
		{77578617-F4E9-4079-AA6B-4DC73B521826} = {7F4ED757-9D35-4A83-B23A-390A609570FB}
		{D39B573F-9F5B-43CB-BDDA-8B260949CC16} = {7F4ED757-9D35-4A83-B23A-390A609570FB}
		{8DD35C2B-C121-43EF-A388-D2AA1CD0852A} = {77578617-F4E9-4079-AA6B-4DC73B521826}
		{76866CDB-662B-4B86-BDB8-7F9AD59D5F37} = {D39B573F-9F5B-43CB-BDDA-8B260949CC16}
		{B0345B70-9090-41C5-81C8-AB8DB72BB9D8} = {61E86F3D-0799-449D-A4AB-1E3488313DCB}
	EndGlobalSection
	GlobalSection(ExtensibilityGlobals) = postSolution
		SolutionGuid = {F24127F1-81E3-4334-ABE4-9D415CC156F7}
	EndGlobalSection
EndGlobal
